
Microsoft Visual Studio Solution File, Format Version 12.00
# Visual Studio Version 16
VisualStudioVersion = 16.0.31729.503
MinimumVisualStudioVersion = 10.0.40219.1
Project("{FAE04EC0-301F-11D3-BF4B-00C04F79EFBC}") = "Cau2", "\\Mac\Home\Downloads\Cau2\Cau2.csproj", "{709D9844-6F81-4B3C-9E9B-BE74941F1F3F}"
EndProject
Project("{FAE04EC0-301F-11D3-BF4B-00C04F79EFBC}") = "Cau3", "\\Mac\Home\Downloads\Cau3\Cau3.csproj", "{56CE42D5-986B-4318-87B7-42E575915F55}"
EndProject
Project("{FAE04EC0-301F-11D3-BF4B-00C04F79EFBC}") = "Cau1", "Cau1\Cau1.csproj", "{DE8A28D6-344F-457C-96BF-498ABE298594}"
EndProject
Global
	GlobalSection(SolutionConfigurationPlatforms) = preSolution
		Debug|Any CPU = Debug|Any CPU
		Release|Any CPU = Release|Any CPU
	EndGlobalSection
	GlobalSection(ProjectConfigurationPlatforms) = postSolution
		{709D9844-6F81-4B3C-9E9B-BE74941F1F3F}.Debug|Any CPU.ActiveCfg = Debug|Any CPU
		{709D9844-6F81-4B3C-9E9B-BE74941F1F3F}.Debug|Any CPU.Build.0 = Debug|Any CPU
		{709D9844-6F81-4B3C-9E9B-BE74941F1F3F}.Release|Any CPU.ActiveCfg = Release|Any CPU
		{709D9844-6F81-4B3C-9E9B-BE74941F1F3F}.Release|Any CPU.Build.0 = Release|Any CPU
		{56CE42D5-986B-4318-87B7-42E575915F55}.Debug|Any CPU.ActiveCfg = Debug|Any CPU
		{56CE42D5-986B-4318-87B7-42E575915F55}.Debug|Any CPU.Build.0 = Debug|Any CPU
		{56CE42D5-986B-4318-87B7-42E575915F55}.Release|Any CPU.ActiveCfg = Release|Any CPU
		{56CE42D5-986B-4318-87B7-42E575915F55}.Release|Any CPU.Build.0 = Release|Any CPU
		{DE8A28D6-344F-457C-96BF-498ABE298594}.Debug|Any CPU.ActiveCfg = Debug|Any CPU
		{DE8A28D6-344F-457C-96BF-498ABE298594}.Debug|Any CPU.Build.0 = Debug|Any CPU
		{DE8A28D6-344F-457C-96BF-498ABE298594}.Release|Any CPU.ActiveCfg = Release|Any CPU
		{DE8A28D6-344F-457C-96BF-498ABE298594}.Release|Any CPU.Build.0 = Release|Any CPU
	EndGlobalSection
	GlobalSection(SolutionProperties) = preSolution
		HideSolutionNode = FALSE
	EndGlobalSection
	GlobalSection(ExtensibilityGlobals) = postSolution
		SolutionGuid = {8E4478C3-BEBB-4F22-A9EC-8D9135757F54}
	EndGlobalSection
EndGlobal
