
Microsoft Visual Studio Solution File, Format Version 12.00
# Visual Studio Version 16
VisualStudioVersion = 16.0.31729.503
MinimumVisualStudioVersion = 10.0.40219.1
Project("{FAE04EC0-301F-11D3-BF4B-00C04F79EFBC}") = "Câu 2", "Câu 2\Câu 2.csproj", "{6752813A-1F5D-4D1C-8EED-899D3F2B39C8}"
EndProject
Global
	GlobalSection(SolutionConfigurationPlatforms) = preSolution
		Debug|Any CPU = Debug|Any CPU
		Release|Any CPU = Release|Any CPU
	EndGlobalSection
	GlobalSection(ProjectConfigurationPlatforms) = postSolution
		{6752813A-1F5D-4D1C-8EED-899D3F2B39C8}.Debug|Any CPU.ActiveCfg = Debug|Any CPU
		{6752813A-1F5D-4D1C-8EED-899D3F2B39C8}.Debug|Any CPU.Build.0 = Debug|Any CPU
		{6752813A-1F5D-4D1C-8EED-899D3F2B39C8}.Release|Any CPU.ActiveCfg = Release|Any CPU
		{6752813A-1F5D-4D1C-8EED-899D3F2B39C8}.Release|Any CPU.Build.0 = Release|Any CPU
	EndGlobalSection
	GlobalSection(SolutionProperties) = preSolution
		HideSolutionNode = FALSE
	EndGlobalSection
	GlobalSection(ExtensibilityGlobals) = postSolution
		SolutionGuid = {CB5F3874-3657-431A-BAC4-02F73CDA2F0F}
	EndGlobalSection
EndGlobal
